
Microsoft Visual Studio Solution File, Format Version 12.00
# Visual Studio Version 17
VisualStudioVersion = 17.14.36401.2
MinimumVisualStudioVersion = 10.0.40219.1
Project("{FAE04EC0-301F-11D3-BF4B-00C04F79EFBC}") = "T20API", "T20API\T20API.csproj", "{7877934B-9E19-4792-839D-9ECE3A2DB522}"
EndProject
Project("{FAE04EC0-301F-11D3-BF4B-00C04F79EFBC}") = "T20MVC", "T20MVC\T20MVC.csproj", "{01C1AF48-B38A-4812-9791-CFC3112572F4}"
EndProject
Global
	GlobalSection(SolutionConfigurationPlatforms) = preSolution
		Debug|Any CPU = Debug|Any CPU
		Release|Any CPU = Release|Any CPU
	EndGlobalSection
	GlobalSection(ProjectConfigurationPlatforms) = postSolution
		{7877934B-9E19-4792-839D-9ECE3A2DB522}.Debug|Any CPU.ActiveCfg = Debug|Any CPU
		{7877934B-9E19-4792-839D-9ECE3A2DB522}.Debug|Any CPU.Build.0 = Debug|Any CPU
		{7877934B-9E19-4792-839D-9ECE3A2DB522}.Release|Any CPU.ActiveCfg = Release|Any CPU
		{7877934B-9E19-4792-839D-9ECE3A2DB522}.Release|Any CPU.Build.0 = Release|Any CPU
		{01C1AF48-B38A-4812-9791-CFC3112572F4}.Debug|Any CPU.ActiveCfg = Debug|Any CPU
		{01C1AF48-B38A-4812-9791-CFC3112572F4}.Debug|Any CPU.Build.0 = Debug|Any CPU
		{01C1AF48-B38A-4812-9791-CFC3112572F4}.Release|Any CPU.ActiveCfg = Release|Any CPU
		{01C1AF48-B38A-4812-9791-CFC3112572F4}.Release|Any CPU.Build.0 = Release|Any CPU
	EndGlobalSection
	GlobalSection(SolutionProperties) = preSolution
		HideSolutionNode = FALSE
	EndGlobalSection
	GlobalSection(ExtensibilityGlobals) = postSolution
		SolutionGuid = {2FDD9E33-E3CC-4AA2-A2F4-AD2338FD19DC}
	EndGlobalSection
EndGlobal
